
Microsoft Visual Studio Solution File, Format Version 12.00
# Visual Studio Version 16
VisualStudioVersion = 16.0.30225.117
MinimumVisualStudioVersion = 10.0.40219.1
Project("{FAE04EC0-301F-11D3-BF4B-00C04F79EFBC}") = "ProjectEuler", "ProjectEuler.csproj", "{B58FC75C-92B2-43CF-940D-732128623B1B}"
EndProject
Global
	GlobalSection(SolutionConfigurationPlatforms) = preSolution
		Debug|Any CPU = Debug|Any CPU
		Release|Any CPU = Release|Any CPU
	EndGlobalSection
	GlobalSection(ProjectConfigurationPlatforms) = postSolution
		{B58FC75C-92B2-43CF-940D-732128623B1B}.Debug|Any CPU.ActiveCfg = Debug|Any CPU
		{B58FC75C-92B2-43CF-940D-732128623B1B}.Debug|Any CPU.Build.0 = Debug|Any CPU
		{B58FC75C-92B2-43CF-940D-732128623B1B}.Release|Any CPU.ActiveCfg = Release|Any CPU
		{B58FC75C-92B2-43CF-940D-732128623B1B}.Release|Any CPU.Build.0 = Release|Any CPU
	EndGlobalSection
	GlobalSection(SolutionProperties) = preSolution
		HideSolutionNode = FALSE
	EndGlobalSection
	GlobalSection(ExtensibilityGlobals) = postSolution
		SolutionGuid = {3F755E97-4F07-4049-A5AF-C238E5A7B5D9}
	EndGlobalSection
EndGlobal
